{
  "nodes": {
    "nixpkgs": {
      "locked": {
        "lastModified": 1722630782,
        "narHash": "sha256-hMyG9/WlUi0Ho9VkRrrez7SeNlDzLxalm9FwY7n/Noo=",
        "owner": "NixOS",
        "repo": "nixpkgs",
        "rev": "d04953086551086b44b6f3c6b7eeb26294f207da",
        "type": "github"
      },
      "original": {
        "owner": "NixOS",
        "ref": "nixos-unstable",
        "repo": "nixpkgs",
        "type": "github"
      }
    },
    "ondsel-appimage-pre-x86_64-linux": {
      "flake": false,
      "locked": {
        "narHash": "sha256-G+qb8mVwArsCNYsR0eeYQ3bZ7b5kmWpjzYB6tdDynsY=",
        "type": "file",
        "url": "https://github.com/Ondsel-Development/FreeCAD/releases/download/weekly-builds/Ondsel_ES_weekly-builds-38021-Linux-x86_64.AppImage"
      },
      "original": {
        "type": "file",
        "url": "https://github.com/Ondsel-Development/FreeCAD/releases/download/weekly-builds/Ondsel_ES_weekly-builds-38021-Linux-x86_64.AppImage"
      }
    },
    "root": {
      "inputs": {
        "nixpkgs": "nixpkgs",
        "ondsel-appimage-pre-x86_64-linux": "ondsel-appimage-pre-x86_64-linux"
      }
    }
  },
  "root": "root",
  "version": 7
}
