{
  "nodes": {
    "nixpkgs": {
      "locked": {
        "lastModified": 1735471104,
        "narHash": "sha256-0q9NGQySwDQc7RhAV2ukfnu7Gxa5/ybJ2ANT8DQrQrs=",
        "owner": "NixOS",
        "repo": "nixpkgs",
        "rev": "88195a94f390381c6afcdaa933c2f6ff93959cb4",
        "type": "github"
      },
      "original": {
        "owner": "NixOS",
        "ref": "nixos-unstable",
        "repo": "nixpkgs",
        "type": "github"
      }
    },
    "root": {
      "inputs": {
        "nixpkgs": "nixpkgs",
        "zen-beta-appimage-x86_64-linux": "zen-beta-appimage-x86_64-linux",
        "zen-twilight-appimage-x86_64-linux": "zen-twilight-appimage-x86_64-linux"
      }
    },
    "zen-beta-appimage-x86_64-linux": {
      "flake": false,
      "locked": {
        "narHash": "sha256-O+Q9MydLcTRiGIfubbF2+wziTWq4jI0QcvDdqZIwd1U=",
        "type": "file",
        "url": "https://github.com/zen-browser/desktop/releases/download/twilight/zen-x86_64.AppImage"
      },
      "original": {
        "type": "file",
        "url": "https://github.com/zen-browser/desktop/releases/download/twilight/zen-x86_64.AppImage"
      }
    },
    "zen-twilight-appimage-x86_64-linux": {
      "flake": false,
      "locked": {
        "narHash": "sha256-qrZjfKASRhGQaeV1KbdtRFDh2Q8w1SEmY7gVHXqp0A8=",
        "type": "file",
        "url": "https://github.com/zen-browser/desktop/releases/download/1.0.2-b.5/zen-x86_64.AppImage"
      },
      "original": {
        "type": "file",
        "url": "https://github.com/zen-browser/desktop/releases/download/1.0.2-b.5/zen-x86_64.AppImage"
      }
    }
  },
  "root": "root",
  "version": 7
}
